#MicroXplorer Configuration settings - do not modify
ADC1.Channel-1\#ChannelRegularConversion=ADC_CHANNEL_VOPAMP1
ADC1.CommonPathInternal=null|null|null|null
ADC1.DMAAccessModeView=ENABLE
ADC1.DMAContinuousRequests=ENABLE
ADC1.EOCSelection=ADC_EOC_SINGLE_CONV
ADC1.EnableAnalogWatchDog1=false
ADC1.ExternalTrigConv=ADC_EXTERNALTRIG_T7_TRGO
ADC1.IPParameters=Rank-1\#ChannelRegularConversion,master,Channel-1\#ChannelRegularConversion,SamplingTime-1\#ChannelRegularConversion,OffsetNumber-1\#ChannelRegularConversion,NbrOfConversionFlag,ExternalTrigConv,DMAContinuousRequests,Mode,DMAAccessModeView,EnableAnalogWatchDog1,NbrOfConversion,EOCSelection,CommonPathInternal
ADC1.Mode=ADC_DUALMODE_REGSIMULT
ADC1.NbrOfConversion=1
ADC1.NbrOfConversionFlag=1
ADC1.OffsetNumber-1\#ChannelRegularConversion=ADC_OFFSET_NONE
ADC1.Rank-1\#ChannelRegularConversion=1
ADC1.SamplingTime-1\#ChannelRegularConversion=ADC_SAMPLETIME_2CYCLES_5
ADC1.master=1
ADC2.Channel-0\#ChannelRegularConversion=ADC_CHANNEL_VOPAMP2
ADC2.CommonPathInternal=null|null|null|null
ADC2.DMAAccessModeView=ENABLE
ADC2.IPParameters=Rank-0\#ChannelRegularConversion,Channel-0\#ChannelRegularConversion,SamplingTime-0\#ChannelRegularConversion,OffsetNumber-0\#ChannelRegularConversion,NbrOfConversionFlag,Mode,DMAAccessModeView,CommonPathInternal
ADC2.Mode=ADC_DUALMODE_REGSIMULT
ADC2.NbrOfConversionFlag=1
ADC2.OffsetNumber-0\#ChannelRegularConversion=ADC_OFFSET_NONE
ADC2.Rank-0\#ChannelRegularConversion=1
ADC2.SamplingTime-0\#ChannelRegularConversion=ADC_SAMPLETIME_2CYCLES_5
BSP_IP_NAME=NUCLEO-G474RE
CAD.formats=[]
CAD.pinconfig=Dual
CAD.provider=
DAC1.DAC_Trigger2_OUT1-DAC_OUT1=DAC_TRIGGER_NONE
DAC1.DAC_Trigger_OUT1-DAC_OUT1=DAC_TRIGGER_T6_TRGO
DAC1.IPParameters=DAC_Trigger_OUT1-DAC_OUT1,DAC_Trigger2_OUT1-DAC_OUT1
Dma.ADC1.1.Direction=DMA_PERIPH_TO_MEMORY
Dma.ADC1.1.EventEnable=DISABLE
Dma.ADC1.1.Instance=DMA1_Channel1
Dma.ADC1.1.MemDataAlignment=DMA_MDATAALIGN_WORD
Dma.ADC1.1.MemInc=DMA_MINC_ENABLE
Dma.ADC1.1.Mode=DMA_CIRCULAR
Dma.ADC1.1.PeriphDataAlignment=DMA_PDATAALIGN_WORD
Dma.ADC1.1.PeriphInc=DMA_PINC_DISABLE
Dma.ADC1.1.Polarity=HAL_DMAMUX_REQ_GEN_RISING
Dma.ADC1.1.Priority=DMA_PRIORITY_HIGH
Dma.ADC1.1.RequestNumber=1
Dma.ADC1.1.RequestParameters=Instance,Direction,PeriphInc,MemInc,PeriphDataAlignment,MemDataAlignment,Mode,Priority,SignalID,Polarity,RequestNumber,SyncSignalID,SyncPolarity,SyncEnable,EventEnable,SyncRequestNumber
Dma.ADC1.1.SignalID=NONE
Dma.ADC1.1.SyncEnable=DISABLE
Dma.ADC1.1.SyncPolarity=HAL_DMAMUX_SYNC_NO_EVENT
Dma.ADC1.1.SyncRequestNumber=1
Dma.ADC1.1.SyncSignalID=NONE
Dma.DAC1_CH1.0.Direction=DMA_MEMORY_TO_PERIPH
Dma.DAC1_CH1.0.EventEnable=DISABLE
Dma.DAC1_CH1.0.Instance=DMA1_Channel3
Dma.DAC1_CH1.0.MemDataAlignment=DMA_MDATAALIGN_HALFWORD
Dma.DAC1_CH1.0.MemInc=DMA_MINC_ENABLE
Dma.DAC1_CH1.0.Mode=DMA_CIRCULAR
Dma.DAC1_CH1.0.PeriphDataAlignment=DMA_PDATAALIGN_WORD
Dma.DAC1_CH1.0.PeriphInc=DMA_PINC_DISABLE
Dma.DAC1_CH1.0.Polarity=HAL_DMAMUX_REQUEST_GEN_RISING
Dma.DAC1_CH1.0.Priority=DMA_PRIORITY_HIGH
Dma.DAC1_CH1.0.RequestNumber=1
Dma.DAC1_CH1.0.RequestParameters=Instance,Direction,PeriphInc,MemInc,PeriphDataAlignment,MemDataAlignment,Mode,Priority,SignalID,Polarity,RequestNumber,SyncSignalID,SyncPolarity,SyncEnable,EventEnable,SyncRequestNumber
Dma.DAC1_CH1.0.SignalID=HAL_DMAMUX1_REQUEST_GEN_EXTI13
Dma.DAC1_CH1.0.SyncEnable=DISABLE
Dma.DAC1_CH1.0.SyncPolarity=HAL_DMAMUX_SYNC_NO_EVENT
Dma.DAC1_CH1.0.SyncRequestNumber=1
Dma.DAC1_CH1.0.SyncSignalID=NONE
Dma.Request0=DAC1_CH1
Dma.Request1=ADC1
Dma.RequestsNb=2
File.Version=6
GPIO.groupedBy=Group By Peripherals
KeepUserPlacement=true
LPUART1.BaudRate=115200
LPUART1.IPParameters=BaudRate
Mcu.CPN=STM32G474RET3
Mcu.Family=STM32G4
Mcu.IP0=ADC1
Mcu.IP1=ADC2
Mcu.IP10=SPI1
Mcu.IP11=SYS
Mcu.IP12=TIM6
Mcu.IP13=TIM7
Mcu.IP14=USART1
Mcu.IP15=NUCLEO-G474RE
Mcu.IP2=CORDIC
Mcu.IP3=DAC1
Mcu.IP4=DMA
Mcu.IP5=LPUART1
Mcu.IP6=NVIC
Mcu.IP7=OPAMP1
Mcu.IP8=OPAMP2
Mcu.IP9=RCC
Mcu.IPNb=16
Mcu.Name=STM32G474R(B-C-E)Tx
Mcu.Package=LQFP64
Mcu.Pin0=PC13
Mcu.Pin1=PC0
Mcu.Pin10=PA8
Mcu.Pin11=PA13
Mcu.Pin12=PA14
Mcu.Pin13=PB3
Mcu.Pin14=PB4
Mcu.Pin15=PB5
Mcu.Pin16=VP_ADC1_OPAMP_INTERNAL1
Mcu.Pin17=VP_ADC2_OPAMP_INTERNAL2
Mcu.Pin18=VP_CORDIC_VS_CORDIC
Mcu.Pin19=VP_SYS_VS_Systick
Mcu.Pin2=PC1
Mcu.Pin20=VP_SYS_VS_DBSignals
Mcu.Pin21=VP_TIM6_VS_ClockSourceINT
Mcu.Pin22=VP_TIM7_VS_ClockSourceINT
Mcu.Pin3=PA1
Mcu.Pin4=PA4
Mcu.Pin5=PA5
Mcu.Pin6=PA7
Mcu.Pin7=PC4
Mcu.Pin8=PC5
Mcu.Pin9=PB10
Mcu.PinsNb=23
Mcu.ThirdPartyNb=0
Mcu.UserConstants=tim7_prescaler,0;tim7_period,1250
Mcu.UserName=STM32G474RETx
MxCube.Version=6.14.1
MxDb.Version=DB.6.0.141
NVIC.BusFault_IRQn=true\:0\:0\:false\:false\:true\:false\:false\:false
NVIC.DMA1_Channel1_IRQn=true\:0\:0\:false\:false\:true\:false\:true\:true
NVIC.DMA1_Channel3_IRQn=true\:0\:0\:false\:false\:true\:false\:true\:true
NVIC.DebugMonitor_IRQn=true\:0\:0\:false\:false\:true\:false\:false\:false
NVIC.EXTI15_10_IRQn=true\:0\:0\:false\:false\:true\:true\:true\:true
NVIC.ForceEnableDMAVector=true
NVIC.HardFault_IRQn=true\:0\:0\:false\:false\:true\:false\:false\:false
NVIC.MemoryManagement_IRQn=true\:0\:0\:false\:false\:true\:false\:false\:false
NVIC.NonMaskableInt_IRQn=true\:0\:0\:false\:false\:true\:false\:false\:false
NVIC.PendSV_IRQn=true\:0\:0\:false\:false\:true\:false\:false\:false
NVIC.PriorityGroup=NVIC_PRIORITYGROUP_4
NVIC.SVCall_IRQn=true\:0\:0\:false\:false\:true\:false\:false\:false
NVIC.SysTick_IRQn=true\:0\:0\:false\:false\:true\:false\:true\:false
NVIC.TIM6_DAC_IRQn=true\:0\:0\:false\:false\:true\:true\:true\:true
NVIC.UsageFault_IRQn=true\:0\:0\:false\:false\:true\:false\:false\:false
PA1.GPIOParameters=GPIO_Label
PA1.GPIO_Label=LVDT_SEC1_IN
PA1.Mode=Follower_Internally_Connected
PA1.Signal=OPAMP1_VINP
PA13.Mode=Serial_Wire
PA13.Signal=SYS_JTMS-SWDIO
PA14.Mode=Serial_Wire
PA14.Signal=SYS_JTCK-SWCLK
PA4.GPIOParameters=GPIO_Label
PA4.GPIO_Label=LVDT_PRIMARY_DRIVE
PA4.Signal=COMP_DAC11_group
PA5.GPIOParameters=GPIO_Label
PA5.GPIO_Label=LED2
PA5.Locked=true
PA5.Signal=GPIO_Output
PA7.GPIOParameters=GPIO_Label
PA7.GPIO_Label=LVDT_SEC2_IN
PA7.Mode=Follower_Internally_Connected
PA7.Signal=OPAMP2_VINP
PA8.GPIOParameters=GPIO_Label
PA8.GPIO_Label=OLED_Res
PA8.Locked=true
PA8.Signal=GPIO_Output
PB10.GPIOParameters=GPIO_Label
PB10.GPIO_Label=OLED_DC
PB10.Locked=true
PB10.Signal=GPIO_Output
PB3.Locked=true
PB3.Mode=TX_Only_Simplex_Unidirect_Master
PB3.Signal=SPI1_SCK
PB4.GPIOParameters=PinState,GPIO_Label
PB4.GPIO_Label=OLED_CS
PB4.Locked=true
PB4.PinState=GPIO_PIN_SET
PB4.Signal=GPIO_Output
PB5.Locked=true
PB5.Mode=TX_Only_Simplex_Unidirect_Master
PB5.Signal=SPI1_MOSI
PC0.Mode=Asynchronous
PC0.Signal=LPUART1_RX
PC1.Mode=Asynchronous
PC1.Signal=LPUART1_TX
PC13.GPIOParameters=GPIO_Label,GPIO_ModeDefaultEXTI
PC13.GPIO_Label=USER_BUTTON
PC13.GPIO_ModeDefaultEXTI=GPIO_MODE_IT_FALLING
PC13.Locked=true
PC13.Signal=GPXTI13
PC4.Mode=Asynchronous
PC4.Signal=USART1_TX
PC5.Mode=Asynchronous
PC5.Signal=USART1_RX
PinOutPanel.RotationAngle=0
ProjectManager.AskForMigrate=true
ProjectManager.BackupPrevious=false
ProjectManager.CompilerLinker=GCC
ProjectManager.CompilerOptimize=6
ProjectManager.ComputerToolchain=false
ProjectManager.CoupleFile=true
ProjectManager.CustomerFirmwarePackage=
ProjectManager.DefaultFWLocation=true
ProjectManager.DeletePrevious=true
ProjectManager.DeviceId=STM32G474RETx
ProjectManager.Example=DAC_GenerateWaveform_TriggerHW_Init
ProjectManager.ExampleSource=MxCubeFw
ProjectManager.FirmwarePackage=STM32Cube FW_G4 V1.6.1
ProjectManager.FreePins=false
ProjectManager.HalAssertFull=false
ProjectManager.HeapSize=0x200
ProjectManager.KeepUserCode=true
ProjectManager.LastFirmware=true
ProjectManager.LibraryCopy=1
ProjectManager.MainLocation=Src
ProjectManager.NoMain=false
ProjectManager.PreviousToolchain=
ProjectManager.ProjectBuild=false
ProjectManager.ProjectFileName=DAC_GenerateWaveform_TriggerHW_Init.ioc
ProjectManager.ProjectName=DAC_GenerateWaveform_TriggerHW_Init
ProjectManager.ProjectStructure=
ProjectManager.RegisterCallBack=
ProjectManager.StackSize=0x400
ProjectManager.TargetToolchain=CMake
ProjectManager.ToolChainLocation=
ProjectManager.UAScriptAfterPath=
ProjectManager.UAScriptBeforePath=
ProjectManager.UnderRoot=false
ProjectManager.functionlistsort=1-MX_GPIO_Init-GPIO-false-LL-true,2-MX_DMA_Init-DMA-false-HAL-true,3-SystemClock_Config-RCC-false-LL-true,4-MX_DAC1_Init-DAC1-false-LL-true,5-MX_TIM6_Init-TIM6-false-LL-true,6-MX_ADC1_Init-ADC1-false-HAL-true,7-MX_ADC2_Init-ADC2-false-HAL-true,8-MX_OPAMP1_Init-OPAMP1-false-HAL-true,9-MX_OPAMP2_Init-OPAMP2-false-HAL-true,10-MX_USART1_UART_Init-USART1-false-HAL-true,11-MX_LPUART1_UART_Init-LPUART1-false-HAL-true,12-MX_TIM7_Init-TIM7-false-HAL-true,13-MX_SPI1_Init-SPI1-false-HAL-true,14-MX_CORDIC_Init-CORDIC-false-HAL-true
RCC.ADC12Freq_Value=150000000
RCC.ADC345Freq_Value=150000000
RCC.AHBFreq_Value=150000000
RCC.APB1Freq_Value=150000000
RCC.APB1TimFreq_Value=150000000
RCC.APB2Freq_Value=150000000
RCC.APB2TimFreq_Value=150000000
RCC.CRSFreq_Value=16000000
RCC.CortexFreq_Value=150000000
RCC.EXTERNAL_CLOCK_VALUE=12288000
RCC.FCLKCortexFreq_Value=150000000
RCC.FDCANFreq_Value=150000000
RCC.FamilyName=M
RCC.HCLKFreq_Value=150000000
RCC.HSE_VALUE=24000000
RCC.HSI48_VALUE=16000000
RCC.HSI_VALUE=16000000
RCC.I2C1Freq_Value=150000000
RCC.I2C2Freq_Value=150000000
RCC.I2C3Freq_Value=150000000
RCC.I2C4Freq_Value=150000000
RCC.I2SFreq_Value=150000000
RCC.IPParameters=ADC12Freq_Value,ADC345Freq_Value,AHBFreq_Value,APB1Freq_Value,APB1TimFreq_Value,APB2Freq_Value,APB2TimFreq_Value,CRSFreq_Value,CortexFreq_Value,EXTERNAL_CLOCK_VALUE,FCLKCortexFreq_Value,FDCANFreq_Value,FamilyName,HCLKFreq_Value,HSE_VALUE,HSI48_VALUE,HSI_VALUE,I2C1Freq_Value,I2C2Freq_Value,I2C3Freq_Value,I2C4Freq_Value,I2SFreq_Value,LPTIM1Freq_Value,LPUART1Freq_Value,LSCOPinFreq_Value,LSE_VALUE,LSI_VALUE,MCO1PinFreq_Value,PLLM,PLLN,PLLPoutputFreq_Value,PLLQoutputFreq_Value,PLLRCLKFreq_Value,PWRFreq_Value,QSPIFreq_Value,RNGFreq_Value,SAI1Freq_Value,SYSCLKFreq_VALUE,SYSCLKSource,UART4Freq_Value,UART5Freq_Value,USART1Freq_Value,USART2Freq_Value,USART3Freq_Value,USBFreq_Value,VCOInputFreq_Value,VCOOutputFreq_Value
RCC.LPTIM1Freq_Value=150000000
RCC.LPUART1Freq_Value=150000000
RCC.LSCOPinFreq_Value=32000
RCC.LSE_VALUE=32768
RCC.LSI_VALUE=32000
RCC.MCO1PinFreq_Value=16000000
RCC.PLLM=RCC_PLLM_DIV4
RCC.PLLN=75
RCC.PLLPoutputFreq_Value=150000000
RCC.PLLQoutputFreq_Value=150000000
RCC.PLLRCLKFreq_Value=150000000
RCC.PWRFreq_Value=150000000
RCC.QSPIFreq_Value=150000000
RCC.RNGFreq_Value=150000000
RCC.SAI1Freq_Value=150000000
RCC.SYSCLKFreq_VALUE=150000000
RCC.SYSCLKSource=RCC_SYSCLKSOURCE_PLLCLK
RCC.UART4Freq_Value=150000000
RCC.UART5Freq_Value=150000000
RCC.USART1Freq_Value=150000000
RCC.USART2Freq_Value=150000000
RCC.USART3Freq_Value=150000000
RCC.USBFreq_Value=150000000
RCC.VCOInputFreq_Value=4000000
RCC.VCOOutputFreq_Value=300000000
SH.COMP_DAC11_group.0=DAC1_OUT1,DAC_OUT1
SH.COMP_DAC11_group.ConfNb=1
SH.GPXTI13.0=GPIO_EXTI13
SH.GPXTI13.ConfNb=1
SPI1.BaudRatePrescaler=SPI_BAUDRATEPRESCALER_32
SPI1.CLKPolarity=SPI_POLARITY_LOW
SPI1.CalculateBaudRate=4.6875 MBits/s
SPI1.DataSize=SPI_DATASIZE_8BIT
SPI1.Direction=SPI_DIRECTION_2LINES
SPI1.IPParameters=VirtualType,Mode,Direction,CalculateBaudRate,DataSize,BaudRatePrescaler,CLKPolarity
SPI1.Mode=SPI_MODE_MASTER
SPI1.VirtualType=VM_MASTER
TIM6.AutoReloadPreload=TIM_AUTORELOAD_PRELOAD_DISABLE
TIM6.CounterMode=TIM_COUNTERMODE_UP
TIM6.IPParameters=Prescaler,CounterMode,Period,AutoReloadPreload,TIM_MasterOutputTrigger
TIM6.IPParametersWithoutCheck=Prescaler,Period
TIM6.Period=(timer_reload - 1)
TIM6.Prescaler=(timer_prescaler - 1)
TIM6.TIM_MasterOutputTrigger=TIM_TRGO_UPDATE
TIM7.IPParameters=PeriodNoDither,Prescaler,TIM_MasterOutputTrigger
TIM7.PeriodNoDither=( tim7_period + 0 )
TIM7.Prescaler=tim7_prescaler
TIM7.TIM_MasterOutputTrigger=TIM_TRGO_UPDATE
USART1.IPParameters=VirtualMode-Asynchronous
USART1.VirtualMode-Asynchronous=VM_ASYNC
VP_ADC1_OPAMP_INTERNAL1.Mode=IN-OPAMP1
VP_ADC1_OPAMP_INTERNAL1.Signal=ADC1_OPAMP_INTERNAL1
VP_ADC2_OPAMP_INTERNAL2.Mode=IN-OPAMP2
VP_ADC2_OPAMP_INTERNAL2.Signal=ADC2_OPAMP_INTERNAL2
VP_CORDIC_VS_CORDIC.Mode=CORDIC_Activate
VP_CORDIC_VS_CORDIC.Signal=CORDIC_VS_CORDIC
VP_SYS_VS_DBSignals.Mode=DisableDeadBatterySignals
VP_SYS_VS_DBSignals.Signal=SYS_VS_DBSignals
VP_SYS_VS_Systick.Mode=SysTick
VP_SYS_VS_Systick.Signal=SYS_VS_Systick
VP_TIM6_VS_ClockSourceINT.Mode=Enable_Timer
VP_TIM6_VS_ClockSourceINT.Signal=TIM6_VS_ClockSourceINT
VP_TIM7_VS_ClockSourceINT.Mode=Enable_Timer
VP_TIM7_VS_ClockSourceINT.Signal=TIM7_VS_ClockSourceINT
board=NUCLEO-G474RE
boardIOC=true
